
Microsoft Visual Studio Solution File, Format Version 12.00
# Visual Studio Version 16
VisualStudioVersion = 16.0.30611.23
MinimumVisualStudioVersion = 10.0.40219.1
Project("{2150E333-8FDC-42A3-9474-1A3956D46DE8}") = "Server", "Server", "{E32E8EC6-E89A-4D81-8CE7-59F758CAF568}"
EndProject
Project("{2150E333-8FDC-42A3-9474-1A3956D46DE8}") = "Client", "Client", "{FE1D201D-2F0D-4E1E-8C9D-CAA83EAE384E}"
EndProject
Project("{2150E333-8FDC-42A3-9474-1A3956D46DE8}") = "Utils", "Utils", "{E96FBF6D-9278-4759-9007-23F3A4A015AC}"
EndProject
Project("{2150E333-8FDC-42A3-9474-1A3956D46DE8}") = "UnitTests", "UnitTests", "{470AEC4B-CAA8-4D70-BB8C-E04F48D123A0}"
EndProject
Project("{8BC9CEB8-8B4A-11D0-8D11-00A0C91BC942}") = "EncryptDecrypt", "EncryptDecryptECBMode\EncryptDecryptECBMode.vcxproj", "{79F7370C-9BF0-45DE-B2EB-1159DF437D30}"
EndProject
Project("{2150E333-8FDC-42A3-9474-1A3956D46DE8}") = "DLL", "DLL", "{35748F47-15FF-4AE1-8944-E1A12CD640F9}"
EndProject
Project("{8BC9CEB8-8B4A-11D0-8D11-00A0C91BC942}") = "SQLServerDLL", "SQLServerDLL\SQLServerDLL.vcxproj", "{FDC531F1-1A32-43F3-B452-487A29AAB5B0}"
EndProject
Project("{8BC9CEB8-8B4A-11D0-8D11-00A0C91BC942}") = "TCPClientUI", "TCPClientUI\TCPClientUI.vcxproj", "{17543ADB-983C-41C3-96FB-7FC0F35ABC12}"
EndProject
Project("{8BC9CEB8-8B4A-11D0-8D11-00A0C91BC942}") = "TCPServer", "TCPServer\TCPServer.vcxproj", "{5AEC37D4-CF31-4A4C-8F6B-D29F49A203C1}"
EndProject
Project("{8BC9CEB8-8B4A-11D0-8D11-00A0C91BC942}") = "SQLServerTests", "SQLServerTests\SQLServerTests.vcxproj", "{03BEBD1B-988A-47DB-9C7B-0C492404E643}"
EndProject
Project("{8BC9CEB8-8B4A-11D0-8D11-00A0C91BC942}") = "LoggerDLL", "Logger\Logger.vcxproj", "{ADE47C16-1E41-4168-AD1E-FDF9DAEEC556}"
EndProject
Project("{8BC9CEB8-8B4A-11D0-8D11-00A0C91BC942}") = "WinService", "WinService\WinService.vcxproj", "{B9917E76-8A58-4913-9F29-88C3A06044E9}"
 	ProjectSection(ProjectDependencies) = postProject
 		{5AEC37D4-CF31-4A4C-8F6B-D29F49A203C1} = {5AEC37D4-CF31-4A4C-8F6B-D29F49A203C1}
 	EndProjectSection
Project("{8BC9CEB8-8B4A-11D0-8D11-00A0C91BC942}") = "LogViewerTests", "LogViewerTests\LogViewerTests.vcxproj", "{3BE063CC-90FC-4444-8EE4-0035BC879570}"
EndProject
Project("{8BC9CEB8-8B4A-11D0-8D11-00A0C91BC942}") = "LogViewer", "LogViewer\LogViewer.vcxproj", "{0252BFEC-25CA-4846-AD8B-B5ABD651D695}"
EndProject
Project("{8BC9CEB8-8B4A-11D0-8D11-00A0C91BC942}") = "DateTimeDLL", "DateTimeDLL\DateTimeDLL.vcxproj", "{3F95BCF6-64DF-49C1-89A6-DD623D76CE61}"
EndProject
Project("{8BC9CEB8-8B4A-11D0-8D11-00A0C91BC942}") = "DateTimeTests", "DateTimeTests\DateTimeTests.vcxproj", "{300B35A5-E44C-4A96-ACD3-39B52BE2CB2C}"
EndProject
Global
	GlobalSection(SolutionConfigurationPlatforms) = preSolution
		Debug|x64 = Debug|x64
		Debug|x86 = Debug|x86
		Release|x64 = Release|x64
		Release|x86 = Release|x86
	EndGlobalSection
	GlobalSection(ProjectConfigurationPlatforms) = postSolution
		{79F7370C-9BF0-45DE-B2EB-1159DF437D30}.Debug|x64.ActiveCfg = Debug|x64
		{79F7370C-9BF0-45DE-B2EB-1159DF437D30}.Debug|x64.Build.0 = Debug|x64
		{79F7370C-9BF0-45DE-B2EB-1159DF437D30}.Debug|x86.ActiveCfg = Debug|Win32
		{79F7370C-9BF0-45DE-B2EB-1159DF437D30}.Debug|x86.Build.0 = Debug|Win32
		{79F7370C-9BF0-45DE-B2EB-1159DF437D30}.Release|x64.ActiveCfg = Release|x64
		{79F7370C-9BF0-45DE-B2EB-1159DF437D30}.Release|x64.Build.0 = Release|x64
		{79F7370C-9BF0-45DE-B2EB-1159DF437D30}.Release|x86.ActiveCfg = Release|Win32
		{79F7370C-9BF0-45DE-B2EB-1159DF437D30}.Release|x86.Build.0 = Release|Win32
		{FDC531F1-1A32-43F3-B452-487A29AAB5B0}.Debug|x64.ActiveCfg = Debug|x64
		{FDC531F1-1A32-43F3-B452-487A29AAB5B0}.Debug|x64.Build.0 = Debug|x64
		{FDC531F1-1A32-43F3-B452-487A29AAB5B0}.Debug|x86.ActiveCfg = Debug|Win32
		{FDC531F1-1A32-43F3-B452-487A29AAB5B0}.Debug|x86.Build.0 = Debug|Win32
		{FDC531F1-1A32-43F3-B452-487A29AAB5B0}.Release|x64.ActiveCfg = Release|x64
		{FDC531F1-1A32-43F3-B452-487A29AAB5B0}.Release|x64.Build.0 = Release|x64
		{FDC531F1-1A32-43F3-B452-487A29AAB5B0}.Release|x86.ActiveCfg = Release|Win32
		{FDC531F1-1A32-43F3-B452-487A29AAB5B0}.Release|x86.Build.0 = Release|Win32
		{17543ADB-983C-41C3-96FB-7FC0F35ABC12}.Debug|x64.ActiveCfg = Debug|x64
		{17543ADB-983C-41C3-96FB-7FC0F35ABC12}.Debug|x64.Build.0 = Debug|x64
		{17543ADB-983C-41C3-96FB-7FC0F35ABC12}.Debug|x86.ActiveCfg = Debug|x64
		{17543ADB-983C-41C3-96FB-7FC0F35ABC12}.Release|x64.ActiveCfg = Release|x64
		{17543ADB-983C-41C3-96FB-7FC0F35ABC12}.Release|x64.Build.0 = Release|x64
		{17543ADB-983C-41C3-96FB-7FC0F35ABC12}.Release|x86.ActiveCfg = Release|x64
		{5AEC37D4-CF31-4A4C-8F6B-D29F49A203C1}.Debug|x64.ActiveCfg = Debug|x64
		{5AEC37D4-CF31-4A4C-8F6B-D29F49A203C1}.Debug|x64.Build.0 = Debug|x64
		{5AEC37D4-CF31-4A4C-8F6B-D29F49A203C1}.Debug|x86.ActiveCfg = Debug|Win32
		{5AEC37D4-CF31-4A4C-8F6B-D29F49A203C1}.Debug|x86.Build.0 = Debug|Win32
		{5AEC37D4-CF31-4A4C-8F6B-D29F49A203C1}.Release|x64.ActiveCfg = Release|x64
		{5AEC37D4-CF31-4A4C-8F6B-D29F49A203C1}.Release|x64.Build.0 = Release|x64
		{5AEC37D4-CF31-4A4C-8F6B-D29F49A203C1}.Release|x86.ActiveCfg = Release|Win32
		{5AEC37D4-CF31-4A4C-8F6B-D29F49A203C1}.Release|x86.Build.0 = Release|Win32
		{03BEBD1B-988A-47DB-9C7B-0C492404E643}.Debug|x64.ActiveCfg = Debug|x64
		{03BEBD1B-988A-47DB-9C7B-0C492404E643}.Debug|x64.Build.0 = Debug|x64
		{03BEBD1B-988A-47DB-9C7B-0C492404E643}.Debug|x86.ActiveCfg = Debug|Win32
		{03BEBD1B-988A-47DB-9C7B-0C492404E643}.Debug|x86.Build.0 = Debug|Win32
		{03BEBD1B-988A-47DB-9C7B-0C492404E643}.Release|x64.ActiveCfg = Release|x64
		{03BEBD1B-988A-47DB-9C7B-0C492404E643}.Release|x64.Build.0 = Release|x64
		{03BEBD1B-988A-47DB-9C7B-0C492404E643}.Release|x86.ActiveCfg = Release|Win32
		{03BEBD1B-988A-47DB-9C7B-0C492404E643}.Release|x86.Build.0 = Release|Win32
		{ADE47C16-1E41-4168-AD1E-FDF9DAEEC556}.Debug|x64.ActiveCfg = Debug|x64
		{ADE47C16-1E41-4168-AD1E-FDF9DAEEC556}.Debug|x64.Build.0 = Debug|x64
		{ADE47C16-1E41-4168-AD1E-FDF9DAEEC556}.Debug|x86.ActiveCfg = Debug|Win32
		{ADE47C16-1E41-4168-AD1E-FDF9DAEEC556}.Debug|x86.Build.0 = Debug|Win32
		{ADE47C16-1E41-4168-AD1E-FDF9DAEEC556}.Release|x64.ActiveCfg = Release|x64
		{ADE47C16-1E41-4168-AD1E-FDF9DAEEC556}.Release|x64.Build.0 = Release|x64
		{ADE47C16-1E41-4168-AD1E-FDF9DAEEC556}.Release|x86.ActiveCfg = Release|Win32
		{ADE47C16-1E41-4168-AD1E-FDF9DAEEC556}.Release|x86.Build.0 = Release|Win32
		{B9917E76-8A58-4913-9F29-88C3A06044E9}.Debug|x64.ActiveCfg = Debug|x64
 		{B9917E76-8A58-4913-9F29-88C3A06044E9}.Debug|x64.Build.0 = Debug|x64
 		{B9917E76-8A58-4913-9F29-88C3A06044E9}.Debug|x86.ActiveCfg = Debug|Win32
 		{B9917E76-8A58-4913-9F29-88C3A06044E9}.Debug|x86.Build.0 = Debug|Win32
 		{B9917E76-8A58-4913-9F29-88C3A06044E9}.Release|x64.ActiveCfg = Release|x64
 		{B9917E76-8A58-4913-9F29-88C3A06044E9}.Release|x64.Build.0 = Release|x64
 		{B9917E76-8A58-4913-9F29-88C3A06044E9}.Release|x86.ActiveCfg = Release|Win32
 		{B9917E76-8A58-4913-9F29-88C3A06044E9}.Release|x86.Build.0 = Release|Win32
		{3BE063CC-90FC-4444-8EE4-0035BC879570}.Debug|x64.ActiveCfg = Debug|x64
		{3BE063CC-90FC-4444-8EE4-0035BC879570}.Debug|x64.Build.0 = Debug|x64
		{3BE063CC-90FC-4444-8EE4-0035BC879570}.Debug|x86.ActiveCfg = Debug|Win32
		{3BE063CC-90FC-4444-8EE4-0035BC879570}.Debug|x86.Build.0 = Debug|Win32
		{3BE063CC-90FC-4444-8EE4-0035BC879570}.Release|x64.ActiveCfg = Release|x64
		{3BE063CC-90FC-4444-8EE4-0035BC879570}.Release|x64.Build.0 = Release|x64
		{3BE063CC-90FC-4444-8EE4-0035BC879570}.Release|x86.ActiveCfg = Release|Win32
		{3BE063CC-90FC-4444-8EE4-0035BC879570}.Release|x86.Build.0 = Release|Win32
		{0252BFEC-25CA-4846-AD8B-B5ABD651D695}.Debug|x64.ActiveCfg = Debug|x64
		{0252BFEC-25CA-4846-AD8B-B5ABD651D695}.Debug|x64.Build.0 = Debug|x64
		{0252BFEC-25CA-4846-AD8B-B5ABD651D695}.Debug|x86.ActiveCfg = Debug|Win32
		{0252BFEC-25CA-4846-AD8B-B5ABD651D695}.Debug|x86.Build.0 = Debug|Win32
		{0252BFEC-25CA-4846-AD8B-B5ABD651D695}.Release|x64.ActiveCfg = Release|x64
		{0252BFEC-25CA-4846-AD8B-B5ABD651D695}.Release|x64.Build.0 = Release|x64
		{0252BFEC-25CA-4846-AD8B-B5ABD651D695}.Release|x86.ActiveCfg = Release|Win32
		{0252BFEC-25CA-4846-AD8B-B5ABD651D695}.Release|x86.Build.0 = Release|Win32
		{3F95BCF6-64DF-49C1-89A6-DD623D76CE61}.Debug|x64.ActiveCfg = Debug|x64
		{3F95BCF6-64DF-49C1-89A6-DD623D76CE61}.Debug|x64.Build.0 = Debug|x64
		{3F95BCF6-64DF-49C1-89A6-DD623D76CE61}.Debug|x86.ActiveCfg = Debug|Win32
		{3F95BCF6-64DF-49C1-89A6-DD623D76CE61}.Debug|x86.Build.0 = Debug|Win32
		{3F95BCF6-64DF-49C1-89A6-DD623D76CE61}.Release|x64.ActiveCfg = Release|x64
		{3F95BCF6-64DF-49C1-89A6-DD623D76CE61}.Release|x64.Build.0 = Release|x64
		{3F95BCF6-64DF-49C1-89A6-DD623D76CE61}.Release|x86.ActiveCfg = Release|Win32
		{3F95BCF6-64DF-49C1-89A6-DD623D76CE61}.Release|x86.Build.0 = Release|Win32
		{300B35A5-E44C-4A96-ACD3-39B52BE2CB2C}.Debug|x64.ActiveCfg = Debug|x64
		{300B35A5-E44C-4A96-ACD3-39B52BE2CB2C}.Debug|x64.Build.0 = Debug|x64
		{300B35A5-E44C-4A96-ACD3-39B52BE2CB2C}.Debug|x86.ActiveCfg = Debug|Win32
		{300B35A5-E44C-4A96-ACD3-39B52BE2CB2C}.Debug|x86.Build.0 = Debug|Win32
		{300B35A5-E44C-4A96-ACD3-39B52BE2CB2C}.Release|x64.ActiveCfg = Release|x64
		{300B35A5-E44C-4A96-ACD3-39B52BE2CB2C}.Release|x64.Build.0 = Release|x64
		{300B35A5-E44C-4A96-ACD3-39B52BE2CB2C}.Release|x86.ActiveCfg = Release|Win32
		{300B35A5-E44C-4A96-ACD3-39B52BE2CB2C}.Release|x86.Build.0 = Release|Win32
	EndGlobalSection
	GlobalSection(SolutionProperties) = preSolution
		HideSolutionNode = FALSE
	EndGlobalSection
	GlobalSection(NestedProjects) = preSolution
		{79F7370C-9BF0-45DE-B2EB-1159DF437D30} = {E96FBF6D-9278-4759-9007-23F3A4A015AC}
		{FDC531F1-1A32-43F3-B452-487A29AAB5B0} = {35748F47-15FF-4AE1-8944-E1A12CD640F9}
		{17543ADB-983C-41C3-96FB-7FC0F35ABC12} = {FE1D201D-2F0D-4E1E-8C9D-CAA83EAE384E}
		{5AEC37D4-CF31-4A4C-8F6B-D29F49A203C1} = {E32E8EC6-E89A-4D81-8CE7-59F758CAF568}
		{5AEC37D4-CF31-4A4C-8F6B-D29F49A203C1} = {E32E8EC6-E89A-4D81-8CE7-59F758CAF568}
 		{03BEBD1B-988A-47DB-9C7B-0C492404E643} = {470AEC4B-CAA8-4D70-BB8C-E04F48D123A0}
 		{ADE47C16-1E41-4168-AD1E-FDF9DAEEC556} = {E96FBF6D-9278-4759-9007-23F3A4A015AC}
 		{B9917E76-8A58-4913-9F29-88C3A06044E9} = {E32E8EC6-E89A-4D81-8CE7-59F758CAF568}
	EndGlobalSection
	GlobalSection(ExtensibilityGlobals) = postSolution
		SolutionGuid = {B4BA2886-5B55-4E3B-A4E8-E9464461E8B8}
	EndGlobalSection
EndGlobal
