{
 "graph_lock": {
  "nodes": {
   "0": {
    "ref": "realtime_face_mask_detector/0.1",
    "options": "shared=True\nbrotli:shared=False\nbzip2:build_executable=True\nbzip2:shared=False\ncryptopp:shared=False\ndouble-conversion:shared=False\neigen:MPL2_only=False\nfreetype:shared=False\nfreetype:with_brotli=True\nfreetype:with_bzip2=True\nfreetype:with_png=True\nfreetype:with_zlib=True\ngtest:build_gmock=True\ngtest:debug_postfix=d\ngtest:hide_symbols=False\ngtest:no_main=False\ngtest:shared=True\njasper:shared=False\njasper:with_libjpeg=libjpeg\njbig:build_executables=True\njbig:shared=False\nlibdeflate:shared=False\nlibjpeg:shared=False\nlibpng:api_prefix=None\nlibpng:shared=False\nlibpq:shared=False\nlibpq:with_openssl=False\nlibpq:with_zlib=True\nlibtiff:cxx=True\nlibtiff:jbig=True\nlibtiff:jpeg=libjpeg\nlibtiff:libdeflate=True\nlibtiff:lzma=True\nlibtiff:shared=False\nlibtiff:webp=True\nlibtiff:zlib=True\nlibtiff:zstd=True\nlibwebp:near_lossless=True\nlibwebp:shared=False\nlibwebp:swap_16bit_csp=False\nlibwebp:with_simd=True\nopencv:contrib=False\nopencv:parallel=False\nopencv:shared=True\nopencv:with_eigen=True\nopencv:with_jpeg=libjpeg\nopencv:with_jpeg2000=jasper\nopencv:with_openexr=True\nopencv:with_png=True\nopencv:with_quirc=True\nopencv:with_tiff=True\nopencv:with_webp=True\nopenexr:shared=False\nopenssl:386=False\nopenssl:capieng_dialog=False\nopenssl:enable_capieng=False\nopenssl:no_aria=False\nopenssl:no_asm=False\nopenssl:no_async=False\nopenssl:no_bf=False\nopenssl:no_blake2=False\nopenssl:no_camellia=False\nopenssl:no_cast=False\nopenssl:no_chacha=False\nopenssl:no_cms=False\nopenssl:no_comp=False\nopenssl:no_ct=False\nopenssl:no_deprecated=False\nopenssl:no_des=False\nopenssl:no_dgram=False\nopenssl:no_dh=False\nopenssl:no_dsa=False\nopenssl:no_dso=False\nopenssl:no_engine=False\nopenssl:no_filenames=False\nopenssl:no_gost=False\nopenssl:no_hmac=False\nopenssl:no_idea=False\nopenssl:no_md4=False\nopenssl:no_md5=False\nopenssl:no_mdc2=False\nopenssl:no_ocsp=False\nopenssl:no_pinshared=False\nopenssl:no_rc2=False\nopenssl:no_rmd160=False\nopenssl:no_rsa=False\nopenssl:no_sha=False\nopenssl:no_sm2=False\nopenssl:no_sm3=False\nopenssl:no_sm4=False\nopenssl:no_srp=False\nopenssl:no_srtp=False\nopenssl:no_sse2=False\nopenssl:no_ssl=False\nopenssl:no_threads=False\nopenssl:no_ts=False\nopenssl:no_whirlpool=False\nopenssl:openssldir=None\nopenssl:shared=False\npcre2:build_pcre2_16=True\npcre2:build_pcre2_32=True\npcre2:build_pcre2_8=True\npcre2:build_pcre2grep=True\npcre2:shared=False\npcre2:support_jit=False\npcre2:with_bzip2=True\npcre2:with_zlib=True\nqt:commercial=False\nqt:config=None\nqt:cross_compile=None\nqt:device=None\nqt:gui=True\nqt:multiconfiguration=False\nqt:opengl=dynamic\nqt:openssl=True\nqt:qt3d=False\nqt:qtactiveqt=False\nqt:qtandroidextras=False\nqt:qtcharts=False\nqt:qtconnectivity=False\nqt:qtdatavis3d=False\nqt:qtdeclarative=False\nqt:qtdoc=False\nqt:qtgamepad=False\nqt:qtgraphicaleffects=False\nqt:qtimageformats=False\nqt:qtlocation=False\nqt:qtlottie=False\nqt:qtmacextras=False\nqt:qtmultimedia=False\nqt:qtnetworkauth=False\nqt:qtpurchasing=False\nqt:qtquick3d=False\nqt:qtquickcontrols=False\nqt:qtquickcontrols2=False\nqt:qtquicktimeline=False\nqt:qtremoteobjects=False\nqt:qtscript=False\nqt:qtscxml=False\nqt:qtsensors=False\nqt:qtserialbus=False\nqt:qtserialport=False\nqt:qtspeech=False\nqt:qtsvg=False\nqt:qttools=False\nqt:qttranslations=False\nqt:qtvirtualkeyboard=False\nqt:qtwayland=False\nqt:qtwebchannel=False\nqt:qtwebengine=False\nqt:qtwebglplugin=False\nqt:qtwebsockets=False\nqt:qtwebview=False\nqt:qtwinextras=False\nqt:qtx11extras=False\nqt:qtxmlpatterns=False\nqt:shared=True\nqt:sysroot=None\nqt:widgets=True\nqt:with_doubleconversion=True\nqt:with_freetype=True\nqt:with_glib=False\nqt:with_harfbuzz=False\nqt:with_libjpeg=libjpeg\nqt:with_libpng=True\nqt:with_mysql=False\nqt:with_odbc=True\nqt:with_pcre2=True\nqt:with_pq=True\nqt:with_sqlite3=True\nqt:with_vulkan=False\nqt:with_zstd=True\nquirc:max_regions=254\nquirc:shared=False\nsqlite3:build_executable=True\nsqlite3:disable_gethostuuid=False\nsqlite3:enable_column_metadata=True\nsqlite3:enable_dbstat_vtab=False\nsqlite3:enable_default_secure_delete=False\nsqlite3:enable_explain_comments=False\nsqlite3:enable_fts3=False\nsqlite3:enable_fts3_parenthesis=False\nsqlite3:enable_fts4=False\nsqlite3:enable_fts5=False\nsqlite3:enable_json1=False\nsqlite3:enable_preupdate_hook=False\nsqlite3:enable_rtree=True\nsqlite3:enable_soundex=False\nsqlite3:enable_unlock_notify=True\nsqlite3:max_blob_size=1000000000\nsqlite3:omit_load_extension=False\nsqlite3:shared=False\nsqlite3:threadsafe=1\nsqlite3:use_alloca=False\nxz_utils:shared=False\nzlib:minizip=False\nzlib:shared=False\nzstd:shared=False",
    "requires": [
     "1",
     "15",
     "25",
     "26"
    ],
    "path": "..\\conanfile.py",
    "context": "host"
   },
   "1": {
    "ref": "qt/5.15.2",
    "options": "commercial=False\nconfig=None\ncross_compile=None\ndevice=None\ngui=True\nmulticonfiguration=False\nopengl=dynamic\nopenssl=True\nqt3d=False\nqtactiveqt=False\nqtandroidextras=False\nqtcharts=False\nqtconnectivity=False\nqtdatavis3d=False\nqtdeclarative=False\nqtdoc=False\nqtgamepad=False\nqtgraphicaleffects=False\nqtimageformats=False\nqtlocation=False\nqtlottie=False\nqtmacextras=False\nqtmultimedia=False\nqtnetworkauth=False\nqtpurchasing=False\nqtquick3d=False\nqtquickcontrols=False\nqtquickcontrols2=False\nqtquicktimeline=False\nqtremoteobjects=False\nqtscript=False\nqtscxml=False\nqtsensors=False\nqtserialbus=False\nqtserialport=False\nqtspeech=False\nqtsvg=False\nqttools=False\nqttranslations=False\nqtvirtualkeyboard=False\nqtwayland=False\nqtwebchannel=False\nqtwebengine=False\nqtwebglplugin=False\nqtwebsockets=False\nqtwebview=False\nqtwinextras=False\nqtx11extras=False\nqtxmlpatterns=False\nshared=True\nsysroot=None\nwidgets=True\nwith_doubleconversion=True\nwith_freetype=True\nwith_glib=False\nwith_harfbuzz=False\nwith_libjpeg=libjpeg\nwith_libpng=True\nwith_mysql=False\nwith_odbc=True\nwith_pcre2=True\nwith_pq=True\nwith_sqlite3=True\nwith_vulkan=False\nwith_zstd=True\nbrotli:shared=False\nbzip2:build_executable=True\nbzip2:shared=False\ndouble-conversion:shared=False\nfreetype:shared=False\nfreetype:with_brotli=True\nfreetype:with_bzip2=True\nfreetype:with_png=True\nfreetype:with_zlib=True\nlibjpeg:shared=False\nlibpng:api_prefix=None\nlibpng:shared=False\nlibpq:shared=False\nlibpq:with_openssl=False\nlibpq:with_zlib=True\nopenssl:386=False\nopenssl:capieng_dialog=False\nopenssl:enable_capieng=False\nopenssl:no_aria=False\nopenssl:no_asm=False\nopenssl:no_async=False\nopenssl:no_bf=False\nopenssl:no_blake2=False\nopenssl:no_camellia=False\nopenssl:no_cast=False\nopenssl:no_chacha=False\nopenssl:no_cms=False\nopenssl:no_comp=False\nopenssl:no_ct=False\nopenssl:no_deprecated=False\nopenssl:no_des=False\nopenssl:no_dgram=False\nopenssl:no_dh=False\nopenssl:no_dsa=False\nopenssl:no_dso=False\nopenssl:no_engine=False\nopenssl:no_filenames=False\nopenssl:no_gost=False\nopenssl:no_hmac=False\nopenssl:no_idea=False\nopenssl:no_md4=False\nopenssl:no_md5=False\nopenssl:no_mdc2=False\nopenssl:no_ocsp=False\nopenssl:no_pinshared=False\nopenssl:no_rc2=False\nopenssl:no_rmd160=False\nopenssl:no_rsa=False\nopenssl:no_sha=False\nopenssl:no_sm2=False\nopenssl:no_sm3=False\nopenssl:no_sm4=False\nopenssl:no_srp=False\nopenssl:no_srtp=False\nopenssl:no_sse2=False\nopenssl:no_ssl=False\nopenssl:no_threads=False\nopenssl:no_ts=False\nopenssl:no_whirlpool=False\nopenssl:openssldir=None\nopenssl:shared=False\npcre2:build_pcre2_16=True\npcre2:build_pcre2_32=True\npcre2:build_pcre2_8=True\npcre2:build_pcre2grep=True\npcre2:shared=False\npcre2:support_jit=False\npcre2:with_bzip2=True\npcre2:with_zlib=True\nsqlite3:build_executable=True\nsqlite3:disable_gethostuuid=False\nsqlite3:enable_column_metadata=True\nsqlite3:enable_dbstat_vtab=False\nsqlite3:enable_default_secure_delete=False\nsqlite3:enable_explain_comments=False\nsqlite3:enable_fts3=False\nsqlite3:enable_fts3_parenthesis=False\nsqlite3:enable_fts4=False\nsqlite3:enable_fts5=False\nsqlite3:enable_json1=False\nsqlite3:enable_preupdate_hook=False\nsqlite3:enable_rtree=True\nsqlite3:enable_soundex=False\nsqlite3:enable_unlock_notify=True\nsqlite3:max_blob_size=1000000000\nsqlite3:omit_load_extension=False\nsqlite3:shared=False\nsqlite3:threadsafe=1\nsqlite3:use_alloca=False\nzlib:minizip=False\nzlib:shared=False\nzstd:shared=False",
    "package_id": "0fe13a850940fc9b23e3c93d8f13d342775f17b2",
    "prev": "0",
    "requires": [
     "2",
     "3",
     "4",
     "6",
     "7",
     "10",
     "8",
     "11",
     "12",
     "13",
     "14"
    ],
    "context": "host"
   },
   "2": {
    "ref": "zlib/1.2.11",
    "options": "minizip=False\nshared=False",
    "package_id": "d057732059ea44a47760900cb5e4855d2bea8714",
    "prev": "0",
    "context": "host"
   },
   "3": {
    "ref": "openssl/1.1.1i",
    "options": "386=False\ncapieng_dialog=False\nenable_capieng=False\nno_aria=False\nno_asm=False\nno_async=False\nno_bf=False\nno_blake2=False\nno_camellia=False\nno_cast=False\nno_chacha=False\nno_cms=False\nno_comp=False\nno_ct=False\nno_deprecated=False\nno_des=False\nno_dgram=False\nno_dh=False\nno_dsa=False\nno_dso=False\nno_engine=False\nno_filenames=False\nno_gost=False\nno_hmac=False\nno_idea=False\nno_md4=False\nno_md5=False\nno_mdc2=False\nno_ocsp=False\nno_pinshared=False\nno_rc2=False\nno_rmd160=False\nno_rsa=False\nno_sha=False\nno_sm2=False\nno_sm3=False\nno_sm4=False\nno_srp=False\nno_srtp=False\nno_sse2=False\nno_ssl=False\nno_threads=False\nno_ts=False\nno_whirlpool=False\nopenssldir=None\nshared=False",
    "package_id": "d057732059ea44a47760900cb5e4855d2bea8714",
    "prev": "0",
    "context": "host"
   },
   "4": {
    "ref": "pcre2/10.35",
    "options": "build_pcre2_16=True\nbuild_pcre2_32=True\nbuild_pcre2_8=True\nbuild_pcre2grep=True\nshared=False\nsupport_jit=False\nwith_bzip2=True\nwith_zlib=True\nbzip2:build_executable=True\nbzip2:shared=False\nzlib:minizip=False\nzlib:shared=False",
    "package_id": "d5bf9f9853f79bcb782c6a7ad39636782a3da0fd",
    "prev": "0",
    "requires": [
     "2",
     "5"
    ],
    "context": "host"
   },
   "5": {
    "ref": "bzip2/1.0.8",
    "options": "build_executable=True\nshared=False",
    "package_id": "589a23dff5fdb23a7fb851223eb766480ead0a9a",
    "prev": "0",
    "context": "host"
   },
   "6": {
    "ref": "double-conversion/3.1.5",
    "options": "shared=False",
    "package_id": "d057732059ea44a47760900cb5e4855d2bea8714",
    "prev": "0",
    "context": "host"
   },
   "7": {
    "ref": "freetype/2.10.4",
    "options": "shared=False\nwith_brotli=True\nwith_bzip2=True\nwith_png=True\nwith_zlib=True\nbrotli:shared=False\nbzip2:build_executable=True\nbzip2:shared=False\nlibpng:api_prefix=None\nlibpng:shared=False\nzlib:minizip=False\nzlib:shared=False",
    "package_id": "c69bad48274e7fc45c887cddc32aa0459f0a81e0",
    "prev": "0",
    "requires": [
     "8",
     "2",
     "5",
     "9"
    ],
    "context": "host"
   },
   "8": {
    "ref": "libpng/1.6.37",
    "options": "api_prefix=None\nshared=False\nzlib:minizip=False\nzlib:shared=False",
    "package_id": "6acf24cd4adf2df742e006cc0e5f0329e3b6e60b",
    "prev": "0",
    "requires": [
     "2"
    ],
    "context": "host"
   },
   "9": {
    "ref": "brotli/1.0.9",
    "options": "shared=False",
    "package_id": "d057732059ea44a47760900cb5e4855d2bea8714",
    "prev": "0",
    "context": "host"
   },
   "10": {
    "ref": "libjpeg/9d",
    "options": "shared=False",
    "package_id": "d057732059ea44a47760900cb5e4855d2bea8714",
    "prev": "0",
    "context": "host"
   },
   "11": {
    "ref": "sqlite3/3.33.0",
    "options": "build_executable=True\ndisable_gethostuuid=False\nenable_column_metadata=True\nenable_dbstat_vtab=False\nenable_default_secure_delete=False\nenable_explain_comments=False\nenable_fts3=False\nenable_fts3_parenthesis=False\nenable_fts4=False\nenable_fts5=False\nenable_json1=False\nenable_preupdate_hook=False\nenable_rtree=True\nenable_soundex=False\nenable_unlock_notify=True\nmax_blob_size=1000000000\nomit_load_extension=False\nshared=False\nthreadsafe=1\nuse_alloca=False",
    "package_id": "1617ad9ee038b5cd488d456e6e66e06830a591ce",
    "prev": "0",
    "context": "host"
   },
   "12": {
    "ref": "libpq/12.2",
    "options": "shared=False\nwith_openssl=False\nwith_zlib=True\nzlib:minizip=False\nzlib:shared=False",
    "package_id": "487a5ebc62be09517ca7a9dbf8f7f4a1f219019b",
    "prev": "0",
    "requires": [
     "2"
    ],
    "context": "host"
   },
   "13": {
    "ref": "opengl/system",
    "options": "",
    "package_id": "5ab84d6acfe1f23c4fae0ab88f26e3a396351ac9",
    "prev": "0",
    "context": "host"
   },
   "14": {
    "ref": "zstd/1.4.8",
    "options": "shared=False",
    "package_id": "d057732059ea44a47760900cb5e4855d2bea8714",
    "prev": "0",
    "context": "host"
   },
   "15": {
    "ref": "opencv/4.5.0",
    "options": "contrib=False\nparallel=False\nshared=True\nwith_eigen=True\nwith_jpeg=libjpeg\nwith_jpeg2000=jasper\nwith_openexr=True\nwith_png=True\nwith_quirc=True\nwith_tiff=True\nwith_webp=True\neigen:MPL2_only=False\njasper:shared=False\njasper:with_libjpeg=libjpeg\njbig:build_executables=True\njbig:shared=False\nlibdeflate:shared=False\nlibjpeg:shared=False\nlibpng:api_prefix=None\nlibpng:shared=False\nlibtiff:cxx=True\nlibtiff:jbig=True\nlibtiff:jpeg=libjpeg\nlibtiff:libdeflate=True\nlibtiff:lzma=True\nlibtiff:shared=False\nlibtiff:webp=True\nlibtiff:zlib=True\nlibtiff:zstd=True\nlibwebp:near_lossless=True\nlibwebp:shared=False\nlibwebp:swap_16bit_csp=False\nlibwebp:with_simd=True\nopenexr:shared=False\nquirc:max_regions=254\nquirc:shared=False\nxz_utils:shared=False\nzlib:minizip=False\nzlib:shared=False\nzstd:shared=False",
    "package_id": "3dcca6e88212cca034c6f3cca58bfae3aebed85d",
    "prev": "0",
    "requires": [
     "2",
     "10",
     "16",
     "8",
     "17",
     "18",
     "23",
     "22",
     "24"
    ],
    "context": "host"
   },
   "16": {
    "ref": "jasper/2.0.24",
    "options": "shared=False\nwith_libjpeg=libjpeg\nlibjpeg:shared=False",
    "package_id": "2278242cc765d77e29f54e7b3e73f056c18d9a10",
    "prev": "0",
    "requires": [
     "10"
    ],
    "context": "host"
   },
   "17": {
    "ref": "openexr/2.5.4",
    "options": "shared=False\nzlib:minizip=False\nzlib:shared=False",
    "package_id": "6acf24cd4adf2df742e006cc0e5f0329e3b6e60b",
    "prev": "0",
    "requires": [
     "2"
    ],
    "context": "host"
   },
   "18": {
    "ref": "libtiff/4.2.0",
    "options": "cxx=True\njbig=True\njpeg=libjpeg\nlibdeflate=True\nlzma=True\nshared=False\nwebp=True\nzlib=True\nzstd=True\njbig:build_executables=True\njbig:shared=False\nlibdeflate:shared=False\nlibjpeg:shared=False\nlibwebp:near_lossless=True\nlibwebp:shared=False\nlibwebp:swap_16bit_csp=False\nlibwebp:with_simd=True\nxz_utils:shared=False\nzlib:minizip=False\nzlib:shared=False\nzstd:shared=False",
    "package_id": "e2e95cb5797e0ea720de15db3e7a049a3772be97",
    "prev": "0",
    "requires": [
     "2",
     "19",
     "20",
     "10",
     "21",
     "14",
     "22"
    ],
    "context": "host"
   },
   "19": {
    "ref": "libdeflate/1.7",
    "options": "shared=False",
    "package_id": "d057732059ea44a47760900cb5e4855d2bea8714",
    "prev": "0",
    "context": "host"
   },
   "20": {
    "ref": "xz_utils/5.2.5",
    "options": "shared=False",
    "package_id": "d057732059ea44a47760900cb5e4855d2bea8714",
    "prev": "0",
    "context": "host"
   },
   "21": {
    "ref": "jbig/20160605",
    "options": "build_executables=True\nshared=False",
    "package_id": "a05a9ef21a91686b7138c926ec52aaeb70439310",
    "prev": "0",
    "context": "host"
   },
   "22": {
    "ref": "libwebp/1.1.0",
    "options": "near_lossless=True\nshared=False\nswap_16bit_csp=False\nwith_simd=True",
    "package_id": "092f77d3b4b4678d81fbffc1fccc9642b870175e",
    "prev": "0",
    "context": "host"
   },
   "23": {
    "ref": "eigen/3.3.9",
    "options": "MPL2_only=False",
    "package_id": "5ab84d6acfe1f23c4fae0ab88f26e3a396351ac9",
    "prev": "0",
    "context": "host"
   },
   "24": {
    "ref": "quirc/1.1",
    "options": "max_regions=254\nshared=False",
    "package_id": "11b7230897ba30e6da1af1c8b0726ed134f404ee",
    "prev": "0",
    "context": "host"
   },
   "25": {
    "ref": "cryptopp/8.2.0",
    "options": "shared=False",
    "package_id": "d057732059ea44a47760900cb5e4855d2bea8714",
    "prev": "0",
    "context": "host"
   },
   "26": {
    "ref": "gtest/1.10.0",
    "options": "build_gmock=True\ndebug_postfix=d\nhide_symbols=False\nno_main=False\nshared=True",
    "package_id": "dc359ea859b0535df467a5278a5ddf943a44739d",
    "prev": "0",
    "context": "host"
   }
  },
  "revisions_enabled": false
 },
 "version": "0.4",
 "profile_host": "[settings]\narch=x86_64\narch_build=x86_64\nbuild_type=Debug\ncompiler=Visual Studio\ncompiler.runtime=MDd\ncompiler.version=16\nos=Windows\nos_build=Windows\n[options]\nshared=True\n[build_requires]\n[env]\n"
}