<?xml version="1.0" encoding="utf-8"?>
<Project ToolsVersion="4.0" xmlns="http://schemas.microsoft.com/developer/msbuild/2003">
  <ItemGroup>
    <ClCompile Include="FaceRecognitionUI.cpp" />
    <ClCompile Include="ImageData.cpp" />
    <ClCompile Include="FaceRecognizer.cpp" />
    <ClCompile Include="TCPClient.cpp" />
    <ClCompile Include="TCPClientUI.cpp" />
    <ClCompile Include="main.cpp" />
  </ItemGroup>
  <ItemGroup>
    <ClInclude Include="ImageData.h" />
    <ClInclude Include="FaceRecognizer.h" />
    <ClInclude Include="TCPClient.h" />
  </ItemGroup>
  <ItemGroup>
    <QtMoc Include="TCPClientUI.h" />
    <QtMoc Include="FaceRecognitionUI.h" />
  </ItemGroup>
  <ItemGroup>
    <QtRcc Include="TCPClientUI.qrc" />
  </ItemGroup>
  <ItemGroup>
    <QtUic Include="FaceRecognitionUI.ui" />
    <QtUic Include="TCPClientUI.ui" />
  </ItemGroup>
  <ItemGroup>
    <None Include="Configuration.conf" />
  </ItemGroup>
</Project>