<?xml version="1.0" encoding="utf-8"?>
<Project ToolsVersion="4.0" xmlns="http://schemas.microsoft.com/developer/msbuild/2003">
  <ItemGroup>
    <Filter Include="Source Files">
      <UniqueIdentifier>{4FC737F1-C7A5-4376-A066-2A32D752A2FF}</UniqueIdentifier>
<<<<<<< HEAD:RealTimeFaceMaskDetector/FaceRecognition/FaceRecognition.vcxproj.filters
      <Extensions>cpp;c;cc;cxx;c++;cppm;ixx;def;odl;idl;hpj;bat;asm;asmx</Extensions>
    </Filter>
    <Filter Include="Header Files">
      <UniqueIdentifier>{93995380-89BD-4b04-88EB-625FBE52EBFB}</UniqueIdentifier>
      <Extensions>h;hh;hpp;hxx;h++;hm;inl;inc;ipp;xsd</Extensions>
=======
      <Extensions>cpp;c;cc;cxx;def;odl;idl;hpj;bat;asm;asmx</Extensions>
    </Filter>
    <Filter Include="Header Files">
      <UniqueIdentifier>{93995380-89BD-4b04-88EB-625FBE52EBFB}</UniqueIdentifier>
      <Extensions>h;hh;hpp;hxx;hm;inl;inc;xsd</Extensions>
>>>>>>> Full project added:3rdPartyLibs/easylogging++/samples/VC++/VCPP2015_Win32/VCPP2015_Win32/VCPP2015_Win32.vcxproj.filters
    </Filter>
    <Filter Include="Resource Files">
      <UniqueIdentifier>{67DA6AB6-F800-4c08-8B7A-83BB121AAD01}</UniqueIdentifier>
      <Extensions>rc;ico;cur;bmp;dlg;rc2;rct;bin;rgs;gif;jpg;jpeg;jpe;resx;tiff;tif;png;wav;mfcribbon-ms</Extensions>
    </Filter>
  </ItemGroup>
  <ItemGroup>
<<<<<<< HEAD:RealTimeFaceMaskDetector/FaceRecognition/FaceRecognition.vcxproj.filters
    <ClCompile Include="MaskRecognizer.cpp">
      <Filter>Source Files</Filter>
    </ClCompile>
    <ClCompile Include="main.cpp">
=======
    <ClCompile Include="main.cpp">
      <Filter>Source Files</Filter>
    </ClCompile>
    <ClCompile Include="easylogging++.cpp">
>>>>>>> Full project added:3rdPartyLibs/easylogging++/samples/VC++/VCPP2015_Win32/VCPP2015_Win32/VCPP2015_Win32.vcxproj.filters
      <Filter>Source Files</Filter>
    </ClCompile>
  </ItemGroup>
  <ItemGroup>
<<<<<<< HEAD:RealTimeFaceMaskDetector/FaceRecognition/FaceRecognition.vcxproj.filters
    <ClInclude Include="MaskRecognizer.h">
=======
    <ClInclude Include="easylogging++.h">
>>>>>>> Full project added:3rdPartyLibs/easylogging++/samples/VC++/VCPP2015_Win32/VCPP2015_Win32/VCPP2015_Win32.vcxproj.filters
      <Filter>Header Files</Filter>
    </ClInclude>
  </ItemGroup>
</Project>